// !$*UTF8*$!
{
	archiveVersion = 1;
	classes = {
	};
	objectVersion = 56;
	objects = {

/* Begin PBXBuildFile section */
		B8183A992B047DDE00730B8F /* AboutController.m in Sources */ = {isa = PBXBuildFile; fileRef = B8183A982B047DDE00730B8F /* AboutController.m */; };
		B8183A9C2B047ED100730B8F /* BackPackController.m in Sources */ = {isa = PBXBuildFile; fileRef = B8183A9B2B047ED100730B8F /* BackPackController.m */; };
		B82C348D2B00110F00625735 /* MenuController.m in Sources */ = {isa = PBXBuildFile; fileRef = B82C348C2B00110F00625735 /* MenuController.m */; };
		B82C34902B00111D00625735 /* PlayerDetailsController.m in Sources */ = {isa = PBXBuildFile; fileRef = B82C348F2B00111D00625735 /* PlayerDetailsController.m */; };
		B8474A522B00955100FC6329 /* wallOfMasksController.m in Sources */ = {isa = PBXBuildFile; fileRef = B8474A512B00955100FC6329 /* wallOfMasksController.m */; };
		B8474A552B00956100FC6329 /* individualMaskController.m in Sources */ = {isa = PBXBuildFile; fileRef = B8474A542B00956100FC6329 /* individualMaskController.m */; };
		B8589A472B0540B50017F34D /* OptionsViewController.m in Sources */ = {isa = PBXBuildFile; fileRef = B8589A462B0540B50017F34D /* OptionsViewController.m */; };
		B85FC9552B12BC2300AAF7D1 /* Goudy Trajan Regular.otf in Resources */ = {isa = PBXBuildFile; fileRef = B85FC9542B12BC0D00AAF7D1 /* Goudy Trajan Regular.otf */; };
		B86BCBC52B0021F70015B2FB /* Mata Nui.ttf in Resources */ = {isa = PBXBuildFile; fileRef = B86BCBC42B0020B60015B2FB /* Mata Nui.ttf */; };
		B86BCBC62B0021FA0015B2FB /* Goudy.otf in Resources */ = {isa = PBXBuildFile; fileRef = B86BCBC32B0020B60015B2FB /* Goudy.otf */; };
		B8B1255F2B0C44C200738447 /* Celler1.m in Sources */ = {isa = PBXBuildFile; fileRef = B8B1255E2B0C44C200738447 /* Celler1.m */; };
		B8B125612B0C5FD200738447 /* LaunchScreen.storyboard in Resources */ = {isa = PBXBuildFile; fileRef = B8B125602B0C5FD200738447 /* LaunchScreen.storyboard */; };
		B8C255412B0BD7CA000B2124 /* Launch Screen.storyboard in Resources */ = {isa = PBXBuildFile; fileRef = B8C255402B0BD7CA000B2124 /* Launch Screen.storyboard */; };
		B8DC7DC12AFFFE69003BF68C /* AppDelegate.m in Sources */ = {isa = PBXBuildFile; fileRef = B8DC7DC02AFFFE69003BF68C /* AppDelegate.m */; };
		B8DC7DC32AFFFE69003BF68C /* GameScene.sks in Resources */ = {isa = PBXBuildFile; fileRef = B8DC7DC22AFFFE69003BF68C /* GameScene.sks */; };
		B8DC7DC52AFFFE69003BF68C /* Actions.sks in Resources */ = {isa = PBXBuildFile; fileRef = B8DC7DC42AFFFE69003BF68C /* Actions.sks */; };
		B8DC7DC82AFFFE69003BF68C /* GameScene.m in Sources */ = {isa = PBXBuildFile; fileRef = B8DC7DC72AFFFE69003BF68C /* GameScene.m */; };
		B8DC7DCB2AFFFE69003BF68C /* GameViewController.m in Sources */ = {isa = PBXBuildFile; fileRef = B8DC7DCA2AFFFE69003BF68C /* GameViewController.m */; };
		B8DC7DCE2AFFFE69003BF68C /* Main.storyboard in Resources */ = {isa = PBXBuildFile; fileRef = B8DC7DCC2AFFFE69003BF68C /* Main.storyboard */; };
		B8DC7DD02AFFFE6C003BF68C /* Assets.xcassets in Resources */ = {isa = PBXBuildFile; fileRef = B8DC7DCF2AFFFE6C003BF68C /* Assets.xcassets */; };
		B8DC7DD52AFFFE6C003BF68C /* main.m in Sources */ = {isa = PBXBuildFile; fileRef = B8DC7DD42AFFFE6C003BF68C /* main.m */; };
		B8DC7DDF2AFFFE6C003BF68C /* Matoran_QuestTests.m in Sources */ = {isa = PBXBuildFile; fileRef = B8DC7DDE2AFFFE6C003BF68C /* Matoran_QuestTests.m */; };
		B8DC7DE92AFFFE6C003BF68C /* Matoran_QuestUITests.m in Sources */ = {isa = PBXBuildFile; fileRef = B8DC7DE82AFFFE6C003BF68C /* Matoran_QuestUITests.m */; };
		B8DC7DEB2AFFFE6C003BF68C /* Matoran_QuestUITestsLaunchTests.m in Sources */ = {isa = PBXBuildFile; fileRef = B8DC7DEA2AFFFE6C003BF68C /* Matoran_QuestUITestsLaunchTests.m */; };
		B8F240B32B00470D00A519E6 /* MapController.m in Sources */ = {isa = PBXBuildFile; fileRef = B8F240B22B00470D00A519E6 /* MapController.m */; };
		B8F240B62B00471B00A519E6 /* PlayerEditController.m in Sources */ = {isa = PBXBuildFile; fileRef = B8F240B52B00471B00A519E6 /* PlayerEditController.m */; };
/* End PBXBuildFile section */

/* Begin PBXContainerItemProxy section */
		B8DC7DDB2AFFFE6C003BF68C /* PBXContainerItemProxy */ = {
			isa = PBXContainerItemProxy;
			containerPortal = B8DC7DB42AFFFE69003BF68C /* Project object */;
			proxyType = 1;
			remoteGlobalIDString = B8DC7DBB2AFFFE69003BF68C;
			remoteInfo = "Matoran Quest";
		};
		B8DC7DE52AFFFE6C003BF68C /* PBXContainerItemProxy */ = {
			isa = PBXContainerItemProxy;
			containerPortal = B8DC7DB42AFFFE69003BF68C /* Project object */;
			proxyType = 1;
			remoteGlobalIDString = B8DC7DBB2AFFFE69003BF68C;
			remoteInfo = "Matoran Quest";
		};
/* End PBXContainerItemProxy section */

/* Begin PBXFileReference section */
		B8183A972B047DDE00730B8F /* AboutController.h */ = {isa = PBXFileReference; lastKnownFileType = sourcecode.c.h; path = AboutController.h; sourceTree = "<group>"; };
		B8183A982B047DDE00730B8F /* AboutController.m */ = {isa = PBXFileReference; lastKnownFileType = sourcecode.c.objc; path = AboutController.m; sourceTree = "<group>"; };
		B8183A9A2B047ED100730B8F /* BackPackController.h */ = {isa = PBXFileReference; lastKnownFileType = sourcecode.c.h; path = BackPackController.h; sourceTree = "<group>"; };
		B8183A9B2B047ED100730B8F /* BackPackController.m */ = {isa = PBXFileReference; lastKnownFileType = sourcecode.c.objc; path = BackPackController.m; sourceTree = "<group>"; };
		B82C348B2B00110F00625735 /* MenuController.h */ = {isa = PBXFileReference; lastKnownFileType = sourcecode.c.h; path = MenuController.h; sourceTree = "<group>"; };
		B82C348C2B00110F00625735 /* MenuController.m */ = {isa = PBXFileReference; lastKnownFileType = sourcecode.c.objc; path = MenuController.m; sourceTree = "<group>"; };
		B82C348E2B00111D00625735 /* PlayerDetailsController.h */ = {isa = PBXFileReference; lastKnownFileType = sourcecode.c.h; path = PlayerDetailsController.h; sourceTree = "<group>"; };
		B82C348F2B00111D00625735 /* PlayerDetailsController.m */ = {isa = PBXFileReference; lastKnownFileType = sourcecode.c.objc; path = PlayerDetailsController.m; sourceTree = "<group>"; };
		B82C34952B0017B500625735 /* Matoran-Quest-Info.plist */ = {isa = PBXFileReference; lastKnownFileType = text.plist; path = "Matoran-Quest-Info.plist"; sourceTree = SOURCE_ROOT; };
		B8474A502B00955100FC6329 /* wallOfMasksController.h */ = {isa = PBXFileReference; lastKnownFileType = sourcecode.c.h; path = wallOfMasksController.h; sourceTree = "<group>"; };
		B8474A512B00955100FC6329 /* wallOfMasksController.m */ = {isa = PBXFileReference; lastKnownFileType = sourcecode.c.objc; path = wallOfMasksController.m; sourceTree = "<group>"; };
		B8474A532B00956100FC6329 /* individualMaskController.h */ = {isa = PBXFileReference; lastKnownFileType = sourcecode.c.h; path = individualMaskController.h; sourceTree = "<group>"; };
		B8474A542B00956100FC6329 /* individualMaskController.m */ = {isa = PBXFileReference; lastKnownFileType = sourcecode.c.objc; path = individualMaskController.m; sourceTree = "<group>"; };
		B8589A452B0540B50017F34D /* OptionsViewController.h */ = {isa = PBXFileReference; lastKnownFileType = sourcecode.c.h; path = OptionsViewController.h; sourceTree = "<group>"; };
		B8589A462B0540B50017F34D /* OptionsViewController.m */ = {isa = PBXFileReference; lastKnownFileType = sourcecode.c.objc; path = OptionsViewController.m; sourceTree = "<group>"; };
		B85FC9542B12BC0D00AAF7D1 /* Goudy Trajan Regular.otf */ = {isa = PBXFileReference; lastKnownFileType = file; name = "Goudy Trajan Regular.otf"; path = "assets/misc/Goudy Trajan Regular.otf"; sourceTree = "<group>"; };
		B86BCBC32B0020B60015B2FB /* Goudy.otf */ = {isa = PBXFileReference; lastKnownFileType = file; name = Goudy.otf; path = "Matoran Quest/Goudy.otf"; sourceTree = SOURCE_ROOT; };
		B86BCBC42B0020B60015B2FB /* Mata Nui.ttf */ = {isa = PBXFileReference; lastKnownFileType = file; name = "Mata Nui.ttf"; path = "Matoran Quest/Mata Nui.ttf"; sourceTree = SOURCE_ROOT; };
		B8B1255D2B0C44C200738447 /* Celler1.h */ = {isa = PBXFileReference; lastKnownFileType = sourcecode.c.h; path = Celler1.h; sourceTree = "<group>"; };
		B8B1255E2B0C44C200738447 /* Celler1.m */ = {isa = PBXFileReference; lastKnownFileType = sourcecode.c.objc; path = Celler1.m; sourceTree = "<group>"; };
		B8B125602B0C5FD200738447 /* LaunchScreen.storyboard */ = {isa = PBXFileReference; lastKnownFileType = file.storyboard; path = LaunchScreen.storyboard; sourceTree = "<group>"; };
		B8C255402B0BD7CA000B2124 /* Launch Screen.storyboard */ = {isa = PBXFileReference; lastKnownFileType = file.storyboard; path = "Launch Screen.storyboard"; sourceTree = "<group>"; };
		B8DC7DBC2AFFFE69003BF68C /* Matoran Quest.app */ = {isa = PBXFileReference; explicitFileType = wrapper.application; includeInIndex = 0; path = "Matoran Quest.app"; sourceTree = BUILT_PRODUCTS_DIR; };
		B8DC7DBF2AFFFE69003BF68C /* AppDelegate.h */ = {isa = PBXFileReference; lastKnownFileType = sourcecode.c.h; path = AppDelegate.h; sourceTree = "<group>"; };
		B8DC7DC02AFFFE69003BF68C /* AppDelegate.m */ = {isa = PBXFileReference; lastKnownFileType = sourcecode.c.objc; path = AppDelegate.m; sourceTree = "<group>"; };
		B8DC7DC22AFFFE69003BF68C /* GameScene.sks */ = {isa = PBXFileReference; lastKnownFileType = file.sks; path = GameScene.sks; sourceTree = "<group>"; };
		B8DC7DC42AFFFE69003BF68C /* Actions.sks */ = {isa = PBXFileReference; lastKnownFileType = file.sks; path = Actions.sks; sourceTree = "<group>"; };
		B8DC7DC62AFFFE69003BF68C /* GameScene.h */ = {isa = PBXFileReference; lastKnownFileType = sourcecode.c.h; path = GameScene.h; sourceTree = "<group>"; };
		B8DC7DC72AFFFE69003BF68C /* GameScene.m */ = {isa = PBXFileReference; lastKnownFileType = sourcecode.c.objc; path = GameScene.m; sourceTree = "<group>"; };
		B8DC7DC92AFFFE69003BF68C /* GameViewController.h */ = {isa = PBXFileReference; lastKnownFileType = sourcecode.c.h; path = GameViewController.h; sourceTree = "<group>"; };
		B8DC7DCA2AFFFE69003BF68C /* GameViewController.m */ = {isa = PBXFileReference; lastKnownFileType = sourcecode.c.objc; path = GameViewController.m; sourceTree = "<group>"; };
		B8DC7DCD2AFFFE69003BF68C /* Base */ = {isa = PBXFileReference; lastKnownFileType = file.storyboard; name = Base; path = Base.lproj/Main.storyboard; sourceTree = "<group>"; };
		B8DC7DCF2AFFFE6C003BF68C /* Assets.xcassets */ = {isa = PBXFileReference; lastKnownFileType = folder.assetcatalog; path = Assets.xcassets; sourceTree = "<group>"; };
		B8DC7DD42AFFFE6C003BF68C /* main.m */ = {isa = PBXFileReference; lastKnownFileType = sourcecode.c.objc; path = main.m; sourceTree = "<group>"; };
		B8DC7DDA2AFFFE6C003BF68C /* Matoran QuestTests.xctest */ = {isa = PBXFileReference; explicitFileType = wrapper.cfbundle; includeInIndex = 0; path = "Matoran QuestTests.xctest"; sourceTree = BUILT_PRODUCTS_DIR; };
		B8DC7DDE2AFFFE6C003BF68C /* Matoran_QuestTests.m */ = {isa = PBXFileReference; lastKnownFileType = sourcecode.c.objc; path = Matoran_QuestTests.m; sourceTree = "<group>"; };
		B8DC7DE42AFFFE6C003BF68C /* Matoran QuestUITests.xctest */ = {isa = PBXFileReference; explicitFileType = wrapper.cfbundle; includeInIndex = 0; path = "Matoran QuestUITests.xctest"; sourceTree = BUILT_PRODUCTS_DIR; };
		B8DC7DE82AFFFE6C003BF68C /* Matoran_QuestUITests.m */ = {isa = PBXFileReference; lastKnownFileType = sourcecode.c.objc; path = Matoran_QuestUITests.m; sourceTree = "<group>"; };
		B8DC7DEA2AFFFE6C003BF68C /* Matoran_QuestUITestsLaunchTests.m */ = {isa = PBXFileReference; lastKnownFileType = sourcecode.c.objc; path = Matoran_QuestUITestsLaunchTests.m; sourceTree = "<group>"; };
		B8F240B12B00470D00A519E6 /* MapController.h */ = {isa = PBXFileReference; lastKnownFileType = sourcecode.c.h; path = MapController.h; sourceTree = "<group>"; };
		B8F240B22B00470D00A519E6 /* MapController.m */ = {isa = PBXFileReference; lastKnownFileType = sourcecode.c.objc; path = MapController.m; sourceTree = "<group>"; };
		B8F240B42B00471B00A519E6 /* PlayerEditController.h */ = {isa = PBXFileReference; lastKnownFileType = sourcecode.c.h; path = PlayerEditController.h; sourceTree = "<group>"; };
		B8F240B52B00471B00A519E6 /* PlayerEditController.m */ = {isa = PBXFileReference; lastKnownFileType = sourcecode.c.objc; path = PlayerEditController.m; sourceTree = "<group>"; };
/* End PBXFileReference section */

/* Begin PBXFrameworksBuildPhase section */
		B8DC7DB92AFFFE69003BF68C /* Frameworks */ = {
			isa = PBXFrameworksBuildPhase;
			buildActionMask = 2147483647;
			files = (
			);
			runOnlyForDeploymentPostprocessing = 0;
		};
		B8DC7DD72AFFFE6C003BF68C /* Frameworks */ = {
			isa = PBXFrameworksBuildPhase;
			buildActionMask = 2147483647;
			files = (
			);
			runOnlyForDeploymentPostprocessing = 0;
		};
		B8DC7DE12AFFFE6C003BF68C /* Frameworks */ = {
			isa = PBXFrameworksBuildPhase;
			buildActionMask = 2147483647;
			files = (
			);
			runOnlyForDeploymentPostprocessing = 0;
		};
/* End PBXFrameworksBuildPhase section */

/* Begin PBXGroup section */
		B8DC7DB32AFFFE69003BF68C = {
			isa = PBXGroup;
			children = (
				B8DC7DBE2AFFFE69003BF68C /* Matoran Quest */,
				B8DC7DDD2AFFFE6C003BF68C /* Matoran QuestTests */,
				B8DC7DE72AFFFE6C003BF68C /* Matoran QuestUITests */,
				B8DC7DBD2AFFFE69003BF68C /* Products */,
			);
			sourceTree = "<group>";
		};
		B8DC7DBD2AFFFE69003BF68C /* Products */ = {
			isa = PBXGroup;
			children = (
				B8DC7DBC2AFFFE69003BF68C /* Matoran Quest.app */,
				B8DC7DDA2AFFFE6C003BF68C /* Matoran QuestTests.xctest */,
				B8DC7DE42AFFFE6C003BF68C /* Matoran QuestUITests.xctest */,
			);
			name = Products;
			sourceTree = "<group>";
		};
		B8DC7DBE2AFFFE69003BF68C /* Matoran Quest */ = {
			isa = PBXGroup;
			children = (
				B82C34952B0017B500625735 /* Matoran-Quest-Info.plist */,
				B8DC7DBF2AFFFE69003BF68C /* AppDelegate.h */,
				B8DC7DC02AFFFE69003BF68C /* AppDelegate.m */,
				B8DC7DC22AFFFE69003BF68C /* GameScene.sks */,
				B8DC7DC42AFFFE69003BF68C /* Actions.sks */,
				B8DC7DC62AFFFE69003BF68C /* GameScene.h */,
				B8DC7DC72AFFFE69003BF68C /* GameScene.m */,
				B8DC7DC92AFFFE69003BF68C /* GameViewController.h */,
				B8DC7DCA2AFFFE69003BF68C /* GameViewController.m */,
				B82C348B2B00110F00625735 /* MenuController.h */,
				B82C348C2B00110F00625735 /* MenuController.m */,
				B82C348E2B00111D00625735 /* PlayerDetailsController.h */,
				B82C348F2B00111D00625735 /* PlayerDetailsController.m */,
				B8F240B12B00470D00A519E6 /* MapController.h */,
				B8F240B22B00470D00A519E6 /* MapController.m */,
				B8F240B42B00471B00A519E6 /* PlayerEditController.h */,
				B8F240B52B00471B00A519E6 /* PlayerEditController.m */,
				B8474A502B00955100FC6329 /* wallOfMasksController.h */,
				B8474A512B00955100FC6329 /* wallOfMasksController.m */,
				B8B1255D2B0C44C200738447 /* Celler1.h */,
				B8B1255E2B0C44C200738447 /* Celler1.m */,
				B8474A532B00956100FC6329 /* individualMaskController.h */,
				B8474A542B00956100FC6329 /* individualMaskController.m */,
				B8183A9A2B047ED100730B8F /* BackPackController.h */,
				B8183A9B2B047ED100730B8F /* BackPackController.m */,
				B8183A972B047DDE00730B8F /* AboutController.h */,
				B8183A982B047DDE00730B8F /* AboutController.m */,
				B8589A452B0540B50017F34D /* OptionsViewController.h */,
				B8589A462B0540B50017F34D /* OptionsViewController.m */,
				B8C255402B0BD7CA000B2124 /* Launch Screen.storyboard */,
				B8B125602B0C5FD200738447 /* LaunchScreen.storyboard */,
				B8DC7DCC2AFFFE69003BF68C /* Main.storyboard */,
				B8DC7DCF2AFFFE6C003BF68C /* Assets.xcassets */,
				B8DC7DD42AFFFE6C003BF68C /* main.m */,
				B85FC9542B12BC0D00AAF7D1 /* Goudy Trajan Regular.otf */,
				B86BCBC32B0020B60015B2FB /* Goudy.otf */,
				B86BCBC42B0020B60015B2FB /* Mata Nui.ttf */,
			);
			path = "Matoran Quest";
			sourceTree = "<group>";
		};
		B8DC7DDD2AFFFE6C003BF68C /* Matoran QuestTests */ = {
			isa = PBXGroup;
			children = (
				B8DC7DDE2AFFFE6C003BF68C /* Matoran_QuestTests.m */,
			);
			path = "Matoran QuestTests";
			sourceTree = "<group>";
		};
		B8DC7DE72AFFFE6C003BF68C /* Matoran QuestUITests */ = {
			isa = PBXGroup;
			children = (
				B8DC7DE82AFFFE6C003BF68C /* Matoran_QuestUITests.m */,
				B8DC7DEA2AFFFE6C003BF68C /* Matoran_QuestUITestsLaunchTests.m */,
			);
			path = "Matoran QuestUITests";
			sourceTree = "<group>";
		};
/* End PBXGroup section */

/* Begin PBXNativeTarget section */
		B8DC7DBB2AFFFE69003BF68C /* Matoran Quest */ = {
			isa = PBXNativeTarget;
			buildConfigurationList = B8DC7DEE2AFFFE6C003BF68C /* Build configuration list for PBXNativeTarget "Matoran Quest" */;
			buildPhases = (
				B8DC7DB82AFFFE69003BF68C /* Sources */,
				B8DC7DB92AFFFE69003BF68C /* Frameworks */,
				B8DC7DBA2AFFFE69003BF68C /* Resources */,
			);
			buildRules = (
			);
			dependencies = (
			);
			name = "Matoran Quest";
			productName = "Matoran Quest";
			productReference = B8DC7DBC2AFFFE69003BF68C /* Matoran Quest.app */;
			productType = "com.apple.product-type.application";
		};
		B8DC7DD92AFFFE6C003BF68C /* Matoran QuestTests */ = {
			isa = PBXNativeTarget;
			buildConfigurationList = B8DC7DF12AFFFE6C003BF68C /* Build configuration list for PBXNativeTarget "Matoran QuestTests" */;
			buildPhases = (
				B8DC7DD62AFFFE6C003BF68C /* Sources */,
				B8DC7DD72AFFFE6C003BF68C /* Frameworks */,
				B8DC7DD82AFFFE6C003BF68C /* Resources */,
			);
			buildRules = (
			);
			dependencies = (
				B8DC7DDC2AFFFE6C003BF68C /* PBXTargetDependency */,
			);
			name = "Matoran QuestTests";
			productName = "Matoran QuestTests";
			productReference = B8DC7DDA2AFFFE6C003BF68C /* Matoran QuestTests.xctest */;
			productType = "com.apple.product-type.bundle.unit-test";
		};
		B8DC7DE32AFFFE6C003BF68C /* Matoran QuestUITests */ = {
			isa = PBXNativeTarget;
			buildConfigurationList = B8DC7DF42AFFFE6C003BF68C /* Build configuration list for PBXNativeTarget "Matoran QuestUITests" */;
			buildPhases = (
				B8DC7DE02AFFFE6C003BF68C /* Sources */,
				B8DC7DE12AFFFE6C003BF68C /* Frameworks */,
				B8DC7DE22AFFFE6C003BF68C /* Resources */,
			);
			buildRules = (
			);
			dependencies = (
				B8DC7DE62AFFFE6C003BF68C /* PBXTargetDependency */,
			);
			name = "Matoran QuestUITests";
			productName = "Matoran QuestUITests";
			productReference = B8DC7DE42AFFFE6C003BF68C /* Matoran QuestUITests.xctest */;
			productType = "com.apple.product-type.bundle.ui-testing";
		};
/* End PBXNativeTarget section */

/* Begin PBXProject section */
		B8DC7DB42AFFFE69003BF68C /* Project object */ = {
			isa = PBXProject;
			attributes = {
				BuildIndependentTargetsInParallel = 1;
				LastUpgradeCheck = 1500;
				TargetAttributes = {
					B8DC7DBB2AFFFE69003BF68C = {
						CreatedOnToolsVersion = 15.0;
					};
					B8DC7DD92AFFFE6C003BF68C = {
						CreatedOnToolsVersion = 15.0;
						TestTargetID = B8DC7DBB2AFFFE69003BF68C;
					};
					B8DC7DE32AFFFE6C003BF68C = {
						CreatedOnToolsVersion = 15.0;
						TestTargetID = B8DC7DBB2AFFFE69003BF68C;
					};
				};
			};
			buildConfigurationList = B8DC7DB72AFFFE69003BF68C /* Build configuration list for PBXProject "Matoran Quest" */;
			compatibilityVersion = "Xcode 14.0";
			developmentRegion = en;
			hasScannedForEncodings = 0;
			knownRegions = (
				en,
				Base,
			);
			mainGroup = B8DC7DB32AFFFE69003BF68C;
			productRefGroup = B8DC7DBD2AFFFE69003BF68C /* Products */;
			projectDirPath = "";
			projectRoot = "";
			targets = (
				B8DC7DBB2AFFFE69003BF68C /* Matoran Quest */,
				B8DC7DD92AFFFE6C003BF68C /* Matoran QuestTests */,
				B8DC7DE32AFFFE6C003BF68C /* Matoran QuestUITests */,
			);
		};
/* End PBXProject section */

/* Begin PBXResourcesBuildPhase section */
		B8DC7DBA2AFFFE69003BF68C /* Resources */ = {
			isa = PBXResourcesBuildPhase;
			buildActionMask = 2147483647;
			files = (
				B85FC9552B12BC2300AAF7D1 /* Goudy Trajan Regular.otf in Resources */,
				B86BCBC62B0021FA0015B2FB /* Goudy.otf in Resources */,
				B8B125612B0C5FD200738447 /* LaunchScreen.storyboard in Resources */,
				B86BCBC52B0021F70015B2FB /* Mata Nui.ttf in Resources */,
				B8DC7DCE2AFFFE69003BF68C /* Main.storyboard in Resources */,
				B8DC7DC32AFFFE69003BF68C /* GameScene.sks in Resources */,
				B8DC7DD02AFFFE6C003BF68C /* Assets.xcassets in Resources */,
				B8DC7DC52AFFFE69003BF68C /* Actions.sks in Resources */,
				B8C255412B0BD7CA000B2124 /* Launch Screen.storyboard in Resources */,
			);
			runOnlyForDeploymentPostprocessing = 0;
		};
		B8DC7DD82AFFFE6C003BF68C /* Resources */ = {
			isa = PBXResourcesBuildPhase;
			buildActionMask = 2147483647;
			files = (
			);
			runOnlyForDeploymentPostprocessing = 0;
		};
		B8DC7DE22AFFFE6C003BF68C /* Resources */ = {
			isa = PBXResourcesBuildPhase;
			buildActionMask = 2147483647;
			files = (
			);
			runOnlyForDeploymentPostprocessing = 0;
		};
/* End PBXResourcesBuildPhase section */

/* Begin PBXSourcesBuildPhase section */
		B8DC7DB82AFFFE69003BF68C /* Sources */ = {
			isa = PBXSourcesBuildPhase;
			buildActionMask = 2147483647;
			files = (
				B8474A552B00956100FC6329 /* individualMaskController.m in Sources */,
				B8F240B62B00471B00A519E6 /* PlayerEditController.m in Sources */,
				B8DC7DC82AFFFE69003BF68C /* GameScene.m in Sources */,
				B82C34902B00111D00625735 /* PlayerDetailsController.m in Sources */,
				B8DC7DCB2AFFFE69003BF68C /* GameViewController.m in Sources */,
				B8474A522B00955100FC6329 /* wallOfMasksController.m in Sources */,
				B8183A992B047DDE00730B8F /* AboutController.m in Sources */,
				B82C348D2B00110F00625735 /* MenuController.m in Sources */,
				B8F240B32B00470D00A519E6 /* MapController.m in Sources */,
				B8589A472B0540B50017F34D /* OptionsViewController.m in Sources */,
				B8DC7DD52AFFFE6C003BF68C /* main.m in Sources */,
				B8DC7DC12AFFFE69003BF68C /* AppDelegate.m in Sources */,
				B8B1255F2B0C44C200738447 /* Celler1.m in Sources */,
				B8183A9C2B047ED100730B8F /* BackPackController.m in Sources */,
			);
			runOnlyForDeploymentPostprocessing = 0;
		};
		B8DC7DD62AFFFE6C003BF68C /* Sources */ = {
			isa = PBXSourcesBuildPhase;
			buildActionMask = 2147483647;
			files = (
				B8DC7DDF2AFFFE6C003BF68C /* Matoran_QuestTests.m in Sources */,
			);
			runOnlyForDeploymentPostprocessing = 0;
		};
		B8DC7DE02AFFFE6C003BF68C /* Sources */ = {
			isa = PBXSourcesBuildPhase;
			buildActionMask = 2147483647;
			files = (
				B8DC7DEB2AFFFE6C003BF68C /* Matoran_QuestUITestsLaunchTests.m in Sources */,
				B8DC7DE92AFFFE6C003BF68C /* Matoran_QuestUITests.m in Sources */,
			);
			runOnlyForDeploymentPostprocessing = 0;
		};
/* End PBXSourcesBuildPhase section */

/* Begin PBXTargetDependency section */
		B8DC7DDC2AFFFE6C003BF68C /* PBXTargetDependency */ = {
			isa = PBXTargetDependency;
			target = B8DC7DBB2AFFFE69003BF68C /* Matoran Quest */;
			targetProxy = B8DC7DDB2AFFFE6C003BF68C /* PBXContainerItemProxy */;
		};
		B8DC7DE62AFFFE6C003BF68C /* PBXTargetDependency */ = {
			isa = PBXTargetDependency;
			target = B8DC7DBB2AFFFE69003BF68C /* Matoran Quest */;
			targetProxy = B8DC7DE52AFFFE6C003BF68C /* PBXContainerItemProxy */;
		};
/* End PBXTargetDependency section */

/* Begin PBXVariantGroup section */
		B8DC7DCC2AFFFE69003BF68C /* Main.storyboard */ = {
			isa = PBXVariantGroup;
			children = (
				B8DC7DCD2AFFFE69003BF68C /* Base */,
			);
			name = Main.storyboard;
			sourceTree = "<group>";
		};
/* End PBXVariantGroup section */

/* Begin XCBuildConfiguration section */
		B8DC7DEC2AFFFE6C003BF68C /* Debug */ = {
			isa = XCBuildConfiguration;
			buildSettings = {
				ALWAYS_SEARCH_USER_PATHS = NO;
				ASSETCATALOG_COMPILER_GENERATE_SWIFT_ASSET_SYMBOL_EXTENSIONS = YES;
				CLANG_ANALYZER_NONNULL = YES;
				CLANG_ANALYZER_NUMBER_OBJECT_CONVERSION = YES_AGGRESSIVE;
				CLANG_CXX_LANGUAGE_STANDARD = "gnu++20";
				CLANG_ENABLE_MODULES = YES;
				CLANG_ENABLE_OBJC_ARC = YES;
				CLANG_ENABLE_OBJC_WEAK = YES;
				CLANG_WARN_BLOCK_CAPTURE_AUTORELEASING = YES;
				CLANG_WARN_BOOL_CONVERSION = YES;
				CLANG_WARN_COMMA = YES;
				CLANG_WARN_CONSTANT_CONVERSION = YES;
				CLANG_WARN_DEPRECATED_OBJC_IMPLEMENTATIONS = YES;
				CLANG_WARN_DIRECT_OBJC_ISA_USAGE = YES_ERROR;
				CLANG_WARN_DOCUMENTATION_COMMENTS = YES;
				CLANG_WARN_EMPTY_BODY = YES;
				CLANG_WARN_ENUM_CONVERSION = YES;
				CLANG_WARN_INFINITE_RECURSION = YES;
				CLANG_WARN_INT_CONVERSION = YES;
				CLANG_WARN_NON_LITERAL_NULL_CONVERSION = YES;
				CLANG_WARN_OBJC_IMPLICIT_RETAIN_SELF = YES;
				CLANG_WARN_OBJC_LITERAL_CONVERSION = YES;
				CLANG_WARN_OBJC_ROOT_CLASS = YES_ERROR;
				CLANG_WARN_QUOTED_INCLUDE_IN_FRAMEWORK_HEADER = YES;
				CLANG_WARN_RANGE_LOOP_ANALYSIS = YES;
				CLANG_WARN_STRICT_PROTOTYPES = YES;
				CLANG_WARN_SUSPICIOUS_MOVE = YES;
				CLANG_WARN_UNGUARDED_AVAILABILITY = YES_AGGRESSIVE;
				CLANG_WARN_UNREACHABLE_CODE = YES;
				CLANG_WARN__DUPLICATE_METHOD_MATCH = YES;
				COPY_PHASE_STRIP = NO;
				DEBUG_INFORMATION_FORMAT = dwarf;
				ENABLE_STRICT_OBJC_MSGSEND = YES;
				ENABLE_TESTABILITY = YES;
				ENABLE_USER_SCRIPT_SANDBOXING = YES;
				GCC_C_LANGUAGE_STANDARD = gnu17;
				GCC_DYNAMIC_NO_PIC = NO;
				GCC_NO_COMMON_BLOCKS = YES;
				GCC_OPTIMIZATION_LEVEL = 0;
				GCC_PREPROCESSOR_DEFINITIONS = (
					"DEBUG=1",
					"$(inherited)",
				);
				GCC_WARN_64_TO_32_BIT_CONVERSION = YES;
				GCC_WARN_ABOUT_RETURN_TYPE = YES_ERROR;
				GCC_WARN_UNDECLARED_SELECTOR = YES;
				GCC_WARN_UNINITIALIZED_AUTOS = YES_AGGRESSIVE;
				GCC_WARN_UNUSED_FUNCTION = YES;
				GCC_WARN_UNUSED_VARIABLE = YES;
				IPHONEOS_DEPLOYMENT_TARGET = 16.0;
				LOCALIZATION_PREFERS_STRING_CATALOGS = YES;
				MTL_ENABLE_DEBUG_INFO = INCLUDE_SOURCE;
				MTL_FAST_MATH = YES;
				ONLY_ACTIVE_ARCH = YES;
				SDKROOT = iphoneos;
			};
			name = Debug;
		};
		B8DC7DED2AFFFE6C003BF68C /* Release */ = {
			isa = XCBuildConfiguration;
			buildSettings = {
				ALWAYS_SEARCH_USER_PATHS = NO;
				ASSETCATALOG_COMPILER_GENERATE_SWIFT_ASSET_SYMBOL_EXTENSIONS = YES;
				CLANG_ANALYZER_NONNULL = YES;
				CLANG_ANALYZER_NUMBER_OBJECT_CONVERSION = YES_AGGRESSIVE;
				CLANG_CXX_LANGUAGE_STANDARD = "gnu++20";
				CLANG_ENABLE_MODULES = YES;
				CLANG_ENABLE_OBJC_ARC = YES;
				CLANG_ENABLE_OBJC_WEAK = YES;
				CLANG_WARN_BLOCK_CAPTURE_AUTORELEASING = YES;
				CLANG_WARN_BOOL_CONVERSION = YES;
				CLANG_WARN_COMMA = YES;
				CLANG_WARN_CONSTANT_CONVERSION = YES;
				CLANG_WARN_DEPRECATED_OBJC_IMPLEMENTATIONS = YES;
				CLANG_WARN_DIRECT_OBJC_ISA_USAGE = YES_ERROR;
				CLANG_WARN_DOCUMENTATION_COMMENTS = YES;
				CLANG_WARN_EMPTY_BODY = YES;
				CLANG_WARN_ENUM_CONVERSION = YES;
				CLANG_WARN_INFINITE_RECURSION = YES;
				CLANG_WARN_INT_CONVERSION = YES;
				CLANG_WARN_NON_LITERAL_NULL_CONVERSION = YES;
				CLANG_WARN_OBJC_IMPLICIT_RETAIN_SELF = YES;
				CLANG_WARN_OBJC_LITERAL_CONVERSION = YES;
				CLANG_WARN_OBJC_ROOT_CLASS = YES_ERROR;
				CLANG_WARN_QUOTED_INCLUDE_IN_FRAMEWORK_HEADER = YES;
				CLANG_WARN_RANGE_LOOP_ANALYSIS = YES;
				CLANG_WARN_STRICT_PROTOTYPES = YES;
				CLANG_WARN_SUSPICIOUS_MOVE = YES;
				CLANG_WARN_UNGUARDED_AVAILABILITY = YES_AGGRESSIVE;
				CLANG_WARN_UNREACHABLE_CODE = YES;
				CLANG_WARN__DUPLICATE_METHOD_MATCH = YES;
				COPY_PHASE_STRIP = NO;
				DEBUG_INFORMATION_FORMAT = "dwarf-with-dsym";
				ENABLE_NS_ASSERTIONS = NO;
				ENABLE_STRICT_OBJC_MSGSEND = YES;
				ENABLE_USER_SCRIPT_SANDBOXING = YES;
				GCC_C_LANGUAGE_STANDARD = gnu17;
				GCC_NO_COMMON_BLOCKS = YES;
				GCC_WARN_64_TO_32_BIT_CONVERSION = YES;
				GCC_WARN_ABOUT_RETURN_TYPE = YES_ERROR;
				GCC_WARN_UNDECLARED_SELECTOR = YES;
				GCC_WARN_UNINITIALIZED_AUTOS = YES_AGGRESSIVE;
				GCC_WARN_UNUSED_FUNCTION = YES;
				GCC_WARN_UNUSED_VARIABLE = YES;
				IPHONEOS_DEPLOYMENT_TARGET = 16.0;
				LOCALIZATION_PREFERS_STRING_CATALOGS = YES;
				MTL_ENABLE_DEBUG_INFO = NO;
				MTL_FAST_MATH = YES;
				SDKROOT = iphoneos;
				VALIDATE_PRODUCT = YES;
			};
			name = Release;
		};
		B8DC7DEF2AFFFE6C003BF68C /* Debug */ = {
			isa = XCBuildConfiguration;
			buildSettings = {
				ASSETCATALOG_COMPILER_APPICON_NAME = AppIcon;
				ASSETCATALOG_COMPILER_GLOBAL_ACCENT_COLOR_NAME = AccentColor;
				CODE_SIGN_STYLE = Automatic;
				CURRENT_PROJECT_VERSION = 40;
				DEVELOPMENT_TEAM = M2GX896VLW;
				GENERATE_INFOPLIST_FILE = YES;
				INFOPLIST_FILE = "Matoran-Quest-Info.plist";
				INFOPLIST_KEY_CFBundleDisplayName = "Matoran Quest";
				INFOPLIST_KEY_LSApplicationCategoryType = "public.app-category.simulation-games";
				INFOPLIST_KEY_NSLocationWhenInUseUsageDescription = "This app requires your location in order to show where you are while playing. It does not share your GPS location with any third parties and only uses the infomation in order to run the game.";
				INFOPLIST_KEY_UIApplicationSupportsIndirectInputEvents = YES;
				INFOPLIST_KEY_UILaunchStoryboardName = LaunchScreen;
				INFOPLIST_KEY_UIMainStoryboardFile = Main;
				INFOPLIST_KEY_UIStatusBarHidden = YES;
				INFOPLIST_KEY_UISupportedInterfaceOrientations = UIInterfaceOrientationPortrait;
				INFOPLIST_KEY_UISupportedInterfaceOrientations_iPad = "UIInterfaceOrientationLandscapeLeft UIInterfaceOrientationLandscapeRight UIInterfaceOrientationPortrait UIInterfaceOrientationPortraitUpsideDown";
				IPHONEOS_DEPLOYMENT_TARGET = 16.0;
				LD_RUNPATH_SEARCH_PATHS = (
					"$(inherited)",
					"@executable_path/Frameworks",
				);
				MARKETING_VERSION = 0.1;
				NEW_SETTING = "";
				PRODUCT_BUNDLE_IDENTIFIER = com.jobdyer.matoranquest;
				PRODUCT_NAME = "$(TARGET_NAME)";
				SWIFT_EMIT_LOC_STRINGS = YES;
				TARGETED_DEVICE_FAMILY = "1,2";
				TEST = "";
			};
			name = Debug;
		};
		B8DC7DF02AFFFE6C003BF68C /* Release */ = {
			isa = XCBuildConfiguration;
			buildSettings = {
				ASSETCATALOG_COMPILER_APPICON_NAME = AppIcon;
				ASSETCATALOG_COMPILER_GLOBAL_ACCENT_COLOR_NAME = AccentColor;
				CODE_SIGN_STYLE = Automatic;
				CURRENT_PROJECT_VERSION = 40;
				DEVELOPMENT_TEAM = M2GX896VLW;
				GENERATE_INFOPLIST_FILE = YES;
				INFOPLIST_FILE = "Matoran-Quest-Info.plist";
				INFOPLIST_KEY_CFBundleDisplayName = "Matoran Quest";
				INFOPLIST_KEY_LSApplicationCategoryType = "public.app-category.simulation-games";
				INFOPLIST_KEY_NSLocationWhenInUseUsageDescription = "This app requires your location in order to show where you are while playing. It does not share your GPS location with any third parties and only uses the infomation in order to run the game.";
				INFOPLIST_KEY_UIApplicationSupportsIndirectInputEvents = YES;
				INFOPLIST_KEY_UILaunchStoryboardName = LaunchScreen;
				INFOPLIST_KEY_UIMainStoryboardFile = Main;
				INFOPLIST_KEY_UIStatusBarHidden = YES;
				INFOPLIST_KEY_UISupportedInterfaceOrientations = UIInterfaceOrientationPortrait;
				INFOPLIST_KEY_UISupportedInterfaceOrientations_iPad = "UIInterfaceOrientationLandscapeLeft UIInterfaceOrientationLandscapeRight UIInterfaceOrientationPortrait UIInterfaceOrientationPortraitUpsideDown";
				IPHONEOS_DEPLOYMENT_TARGET = 16.0;
				LD_RUNPATH_SEARCH_PATHS = (
					"$(inherited)",
					"@executable_path/Frameworks",
				);
				MARKETING_VERSION = 0.1;
				NEW_SETTING = "";
				PRODUCT_BUNDLE_IDENTIFIER = com.jobdyer.matoranquest;
				PRODUCT_NAME = "$(TARGET_NAME)";
				SWIFT_EMIT_LOC_STRINGS = YES;
				TARGETED_DEVICE_FAMILY = "1,2";
				TEST = "";
			};
			name = Release;
		};
		B8DC7DF22AFFFE6C003BF68C /* Debug */ = {
			isa = XCBuildConfiguration;
			buildSettings = {
				BUNDLE_LOADER = "$(TEST_HOST)";
				CODE_SIGN_STYLE = Automatic;
				CURRENT_PROJECT_VERSION = 1;
				DEVELOPMENT_TEAM = M2GX896VLW;
				GENERATE_INFOPLIST_FILE = YES;
				IPHONEOS_DEPLOYMENT_TARGET = 17.0;
				MARKETING_VERSION = 1.0;
				PRODUCT_BUNDLE_IDENTIFIER = "EternityWareStudios.JobDyer.Matoran-QuestTests";
				PRODUCT_NAME = "$(TARGET_NAME)";
				SWIFT_EMIT_LOC_STRINGS = NO;
				TARGETED_DEVICE_FAMILY = "1,2";
				TEST_HOST = "$(BUILT_PRODUCTS_DIR)/Matoran Quest.app/$(BUNDLE_EXECUTABLE_FOLDER_PATH)/Matoran Quest";
			};
			name = Debug;
		};
		B8DC7DF32AFFFE6C003BF68C /* Release */ = {
			isa = XCBuildConfiguration;
			buildSettings = {
				BUNDLE_LOADER = "$(TEST_HOST)";
				CODE_SIGN_STYLE = Automatic;
				CURRENT_PROJECT_VERSION = 1;
				DEVELOPMENT_TEAM = M2GX896VLW;
				GENERATE_INFOPLIST_FILE = YES;
				IPHONEOS_DEPLOYMENT_TARGET = 17.0;
				MARKETING_VERSION = 1.0;
				PRODUCT_BUNDLE_IDENTIFIER = "EternityWareStudios.JobDyer.Matoran-QuestTests";
				PRODUCT_NAME = "$(TARGET_NAME)";
				SWIFT_EMIT_LOC_STRINGS = NO;
				TARGETED_DEVICE_FAMILY = "1,2";
				TEST_HOST = "$(BUILT_PRODUCTS_DIR)/Matoran Quest.app/$(BUNDLE_EXECUTABLE_FOLDER_PATH)/Matoran Quest";
			};
			name = Release;
		};
		B8DC7DF52AFFFE6C003BF68C /* Debug */ = {
			isa = XCBuildConfiguration;
			buildSettings = {
				CODE_SIGN_STYLE = Automatic;
				CURRENT_PROJECT_VERSION = 1;
				DEVELOPMENT_TEAM = M2GX896VLW;
				GENERATE_INFOPLIST_FILE = YES;
				MARKETING_VERSION = 1.0;
				PRODUCT_BUNDLE_IDENTIFIER = "EternityWareStudios.JobDyer.Matoran-QuestUITests";
				PRODUCT_NAME = "$(TARGET_NAME)";
				SWIFT_EMIT_LOC_STRINGS = NO;
				TARGETED_DEVICE_FAMILY = "1,2";
				TEST_TARGET_NAME = "Matoran Quest";
			};
			name = Debug;
		};
		B8DC7DF62AFFFE6C003BF68C /* Release */ = {
			isa = XCBuildConfiguration;
			buildSettings = {
				CODE_SIGN_STYLE = Automatic;
				CURRENT_PROJECT_VERSION = 1;
				DEVELOPMENT_TEAM = M2GX896VLW;
				GENERATE_INFOPLIST_FILE = YES;
				MARKETING_VERSION = 1.0;
				PRODUCT_BUNDLE_IDENTIFIER = "EternityWareStudios.JobDyer.Matoran-QuestUITests";
				PRODUCT_NAME = "$(TARGET_NAME)";
				SWIFT_EMIT_LOC_STRINGS = NO;
				TARGETED_DEVICE_FAMILY = "1,2";
				TEST_TARGET_NAME = "Matoran Quest";
			};
			name = Release;
		};
/* End XCBuildConfiguration section */

/* Begin XCConfigurationList section */
		B8DC7DB72AFFFE69003BF68C /* Build configuration list for PBXProject "Matoran Quest" */ = {
			isa = XCConfigurationList;
			buildConfigurations = (
				B8DC7DEC2AFFFE6C003BF68C /* Debug */,
				B8DC7DED2AFFFE6C003BF68C /* Release */,
			);
			defaultConfigurationIsVisible = 0;
			defaultConfigurationName = Release;
		};
		B8DC7DEE2AFFFE6C003BF68C /* Build configuration list for PBXNativeTarget "Matoran Quest" */ = {
			isa = XCConfigurationList;
			buildConfigurations = (
				B8DC7DEF2AFFFE6C003BF68C /* Debug */,
				B8DC7DF02AFFFE6C003BF68C /* Release */,
			);
			defaultConfigurationIsVisible = 0;
			defaultConfigurationName = Release;
		};
		B8DC7DF12AFFFE6C003BF68C /* Build configuration list for PBXNativeTarget "Matoran QuestTests" */ = {
			isa = XCConfigurationList;
			buildConfigurations = (
				B8DC7DF22AFFFE6C003BF68C /* Debug */,
				B8DC7DF32AFFFE6C003BF68C /* Release */,
			);
			defaultConfigurationIsVisible = 0;
			defaultConfigurationName = Release;
		};
		B8DC7DF42AFFFE6C003BF68C /* Build configuration list for PBXNativeTarget "Matoran QuestUITests" */ = {
			isa = XCConfigurationList;
			buildConfigurations = (
				B8DC7DF52AFFFE6C003BF68C /* Debug */,
				B8DC7DF62AFFFE6C003BF68C /* Release */,
			);
			defaultConfigurationIsVisible = 0;
			defaultConfigurationName = Release;
		};
/* End XCConfigurationList section */
	};
	rootObject = B8DC7DB42AFFFE69003BF68C /* Project object */;
}
